<?xml version="1.0" encoding="utf-8"?>
<Project ToolsVersion="4.0" xmlns="http://schemas.microsoft.com/developer/msbuild/2003">
  <ItemGroup>
    <Filter Include="Resource Files">
      <UniqueIdentifier>{67DA6AB6-F800-4c08-8B7A-83BB121AAD01}</UniqueIdentifier>
      <Extensions>rc;ico;cur;bmp;dlg;rc2;rct;bin;rgs;gif;jpg;jpeg;jpe;resx;tiff;tif;png;wav;mfcribbon-ms</Extensions>
    </Filter>
  </ItemGroup>
  <ItemGroup>
    <ClCompile Include="cpp\AlGas\ONTO123InstructionBuilder.cpp" />
    <ClCompile Include="cpp\AlGas\ONTO123Instructions.cpp" />
    <ClCompile Include="cpp\AlGas\ONTO123InstructionState.cpp" />
    <ClCompile Include="cpp\AlGas\ONTO123InstructionStateBuilder.cpp" />
    <ClCompile Include="cpp\Core\core.cpp" />
  </ItemGroup>
  <ItemGroup>
    <ClInclude Include="cpp\AlGas\ONTO123InstructionBuilder.h" />
    <ClInclude Include="cpp\AlGas\ONTO123Instructions.h" />
    <ClInclude Include="cpp\AlGas\ONTO123InstructionState.h" />
    <ClInclude Include="cpp\AlGas\ONTO123InstructionStateBuilder.h" />
  </ItemGroup>
</Project>